// !$*UTF8*$!
{
	archiveVersion = 1;
	classes = {
	};
	objectVersion = 46;
	objects = {

/* Begin PBXBuildFile section */
		D3CD7666196439EE00B6B51B /* Foundation.framework in Frameworks */ = {isa = PBXBuildFile; fileRef = D3CD7665196439EE00B6B51B /* Foundation.framework */; };
		D3CD7668196439EE00B6B51B /* CoreGraphics.framework in Frameworks */ = {isa = PBXBuildFile; fileRef = D3CD7667196439EE00B6B51B /* CoreGraphics.framework */; };
		D3CD766A196439EE00B6B51B /* UIKit.framework in Frameworks */ = {isa = PBXBuildFile; fileRef = D3CD7669196439EE00B6B51B /* UIKit.framework */; };
		D3CD7670196439EE00B6B51B /* InfoPlist.strings in Resources */ = {isa = PBXBuildFile; fileRef = D3CD766E196439EE00B6B51B /* InfoPlist.strings */; };
		D3CD7672196439EE00B6B51B /* main.m in Sources */ = {isa = PBXBuildFile; fileRef = D3CD7671196439EE00B6B51B /* main.m */; };
		D3CD7676196439EE00B6B51B /* zjhAppDelegate.m in Sources */ = {isa = PBXBuildFile; fileRef = D3CD7675196439EE00B6B51B /* zjhAppDelegate.m */; };
		D3CD7678196439EE00B6B51B /* Images.xcassets in Resources */ = {isa = PBXBuildFile; fileRef = D3CD7677196439EE00B6B51B /* Images.xcassets */; };
		D3CD767F196439EF00B6B51B /* XCTest.framework in Frameworks */ = {isa = PBXBuildFile; fileRef = D3CD767E196439EE00B6B51B /* XCTest.framework */; };
		D3CD7680196439EF00B6B51B /* Foundation.framework in Frameworks */ = {isa = PBXBuildFile; fileRef = D3CD7665196439EE00B6B51B /* Foundation.framework */; };
		D3CD7681196439EF00B6B51B /* UIKit.framework in Frameworks */ = {isa = PBXBuildFile; fileRef = D3CD7669196439EE00B6B51B /* UIKit.framework */; };
		D3CD7689196439EF00B6B51B /* InfoPlist.strings in Resources */ = {isa = PBXBuildFile; fileRef = D3CD7687196439EF00B6B51B /* InfoPlist.strings */; };
		D3CD768B196439EF00B6B51B /* uicontrolTests.m in Sources */ = {isa = PBXBuildFile; fileRef = D3CD768A196439EF00B6B51B /* uicontrolTests.m */; };
		D3CD76951964405500B6B51B /* Storyboard.storyboard in Resources */ = {isa = PBXBuildFile; fileRef = D3CD76941964405500B6B51B /* Storyboard.storyboard */; };
		D3CD76DC1964497600B6B51B /* zjhViewController.m in Sources */ = {isa = PBXBuildFile; fileRef = D3CD76DB1964497600B6B51B /* zjhViewController.m */; };
/* End PBXBuildFile section */

/* Begin PBXContainerItemProxy section */
		D3CD7682196439EF00B6B51B /* PBXContainerItemProxy */ = {
			isa = PBXContainerItemProxy;
			containerPortal = D3CD765A196439EE00B6B51B /* Project object */;
			proxyType = 1;
			remoteGlobalIDString = D3CD7661196439EE00B6B51B;
			remoteInfo = uicontrol;
		};
/* End PBXContainerItemProxy section */

/* Begin PBXFileReference section */
		D3CD7662196439EE00B6B51B /* uicontrol.app */ = {isa = PBXFileReference; explicitFileType = wrapper.application; includeInIndex = 0; path = uicontrol.app; sourceTree = BUILT_PRODUCTS_DIR; };
		D3CD7665196439EE00B6B51B /* Foundation.framework */ = {isa = PBXFileReference; lastKnownFileType = wrapper.framework; name = Foundation.framework; path = System/Library/Frameworks/Foundation.framework; sourceTree = SDKROOT; };
		D3CD7667196439EE00B6B51B /* CoreGraphics.framework */ = {isa = PBXFileReference; lastKnownFileType = wrapper.framework; name = CoreGraphics.framework; path = System/Library/Frameworks/CoreGraphics.framework; sourceTree = SDKROOT; };
		D3CD7669196439EE00B6B51B /* UIKit.framework */ = {isa = PBXFileReference; lastKnownFileType = wrapper.framework; name = UIKit.framework; path = System/Library/Frameworks/UIKit.framework; sourceTree = SDKROOT; };
		D3CD766D196439EE00B6B51B /* uicontrol-Info.plist */ = {isa = PBXFileReference; lastKnownFileType = text.plist.xml; path = "uicontrol-Info.plist"; sourceTree = "<group>"; };
		D3CD766F196439EE00B6B51B /* en */ = {isa = PBXFileReference; lastKnownFileType = text.plist.strings; name = en; path = en.lproj/InfoPlist.strings; sourceTree = "<group>"; };
		D3CD7671196439EE00B6B51B /* main.m */ = {isa = PBXFileReference; lastKnownFileType = sourcecode.c.objc; path = main.m; sourceTree = "<group>"; };
		D3CD7673196439EE00B6B51B /* uicontrol-Prefix.pch */ = {isa = PBXFileReference; lastKnownFileType = sourcecode.c.h; path = "uicontrol-Prefix.pch"; sourceTree = "<group>"; };
		D3CD7674196439EE00B6B51B /* zjhAppDelegate.h */ = {isa = PBXFileReference; lastKnownFileType = sourcecode.c.h; path = zjhAppDelegate.h; sourceTree = "<group>"; };
		D3CD7675196439EE00B6B51B /* zjhAppDelegate.m */ = {isa = PBXFileReference; lastKnownFileType = sourcecode.c.objc; path = zjhAppDelegate.m; sourceTree = "<group>"; };
		D3CD7677196439EE00B6B51B /* Images.xcassets */ = {isa = PBXFileReference; lastKnownFileType = folder.assetcatalog; path = Images.xcassets; sourceTree = "<group>"; };
		D3CD767D196439EE00B6B51B /* uicontrolTests.xctest */ = {isa = PBXFileReference; explicitFileType = wrapper.cfbundle; includeInIndex = 0; path = uicontrolTests.xctest; sourceTree = BUILT_PRODUCTS_DIR; };
		D3CD767E196439EE00B6B51B /* XCTest.framework */ = {isa = PBXFileReference; lastKnownFileType = wrapper.framework; name = XCTest.framework; path = Library/Frameworks/XCTest.framework; sourceTree = DEVELOPER_DIR; };
		D3CD7686196439EF00B6B51B /* uicontrolTests-Info.plist */ = {isa = PBXFileReference; lastKnownFileType = text.plist.xml; path = "uicontrolTests-Info.plist"; sourceTree = "<group>"; };
		D3CD7688196439EF00B6B51B /* en */ = {isa = PBXFileReference; lastKnownFileType = text.plist.strings; name = en; path = en.lproj/InfoPlist.strings; sourceTree = "<group>"; };
		D3CD768A196439EF00B6B51B /* uicontrolTests.m */ = {isa = PBXFileReference; lastKnownFileType = sourcecode.c.objc; path = uicontrolTests.m; sourceTree = "<group>"; };
		D3CD76941964405500B6B51B /* Storyboard.storyboard */ = {isa = PBXFileReference; fileEncoding = 4; lastKnownFileType = file.storyboard; path = Storyboard.storyboard; sourceTree = "<group>"; };
		D3CD76DA1964497600B6B51B /* zjhViewController.h */ = {isa = PBXFileReference; fileEncoding = 4; lastKnownFileType = sourcecode.c.h; name = zjhViewController.h; path = ../zjhViewController.h; sourceTree = "<group>"; };
		D3CD76DB1964497600B6B51B /* zjhViewController.m */ = {isa = PBXFileReference; fileEncoding = 4; lastKnownFileType = sourcecode.c.objc; name = zjhViewController.m; path = ../zjhViewController.m; sourceTree = "<group>"; };
/* End PBXFileReference section */

/* Begin PBXFrameworksBuildPhase section */
		D3CD765F196439EE00B6B51B /* Frameworks */ = {
			isa = PBXFrameworksBuildPhase;
			buildActionMask = 2147483647;
			files = (
				D3CD7668196439EE00B6B51B /* CoreGraphics.framework in Frameworks */,
				D3CD766A196439EE00B6B51B /* UIKit.framework in Frameworks */,
				D3CD7666196439EE00B6B51B /* Foundation.framework in Frameworks */,
			);
			runOnlyForDeploymentPostprocessing = 0;
		};
		D3CD767A196439EE00B6B51B /* Frameworks */ = {
			isa = PBXFrameworksBuildPhase;
			buildActionMask = 2147483647;
			files = (
				D3CD767F196439EF00B6B51B /* XCTest.framework in Frameworks */,
				D3CD7681196439EF00B6B51B /* UIKit.framework in Frameworks */,
				D3CD7680196439EF00B6B51B /* Foundation.framework in Frameworks */,
			);
			runOnlyForDeploymentPostprocessing = 0;
		};
/* End PBXFrameworksBuildPhase section */

/* Begin PBXGroup section */
		D3CD7659196439EE00B6B51B = {
			isa = PBXGroup;
			children = (
				D3CD766B196439EE00B6B51B /* uicontrol */,
				D3CD7684196439EF00B6B51B /* uicontrolTests */,
				D3CD7664196439EE00B6B51B /* Frameworks */,
				D3CD7663196439EE00B6B51B /* Products */,
			);
			sourceTree = "<group>";
		};
		D3CD7663196439EE00B6B51B /* Products */ = {
			isa = PBXGroup;
			children = (
				D3CD7662196439EE00B6B51B /* uicontrol.app */,
				D3CD767D196439EE00B6B51B /* uicontrolTests.xctest */,
			);
			name = Products;
			sourceTree = "<group>";
		};
		D3CD7664196439EE00B6B51B /* Frameworks */ = {
			isa = PBXGroup;
			children = (
				D3CD7665196439EE00B6B51B /* Foundation.framework */,
				D3CD7667196439EE00B6B51B /* CoreGraphics.framework */,
				D3CD7669196439EE00B6B51B /* UIKit.framework */,
				D3CD767E196439EE00B6B51B /* XCTest.framework */,
			);
			name = Frameworks;
			sourceTree = "<group>";
		};
		D3CD766B196439EE00B6B51B /* uicontrol */ = {
			isa = PBXGroup;
			children = (
				D3CD76DA1964497600B6B51B /* zjhViewController.h */,
				D3CD76DB1964497600B6B51B /* zjhViewController.m */,
				D3CD7674196439EE00B6B51B /* zjhAppDelegate.h */,
				D3CD76941964405500B6B51B /* Storyboard.storyboard */,
				D3CD7675196439EE00B6B51B /* zjhAppDelegate.m */,
				D3CD7677196439EE00B6B51B /* Images.xcassets */,
				D3CD766C196439EE00B6B51B /* Supporting Files */,
			);
			path = uicontrol;
			sourceTree = "<group>";
		};
		D3CD766C196439EE00B6B51B /* Supporting Files */ = {
			isa = PBXGroup;
			children = (
				D3CD766D196439EE00B6B51B /* uicontrol-Info.plist */,
				D3CD766E196439EE00B6B51B /* InfoPlist.strings */,
				D3CD7671196439EE00B6B51B /* main.m */,
				D3CD7673196439EE00B6B51B /* uicontrol-Prefix.pch */,
			);
			name = "Supporting Files";
			sourceTree = "<group>";
		};
		D3CD7684196439EF00B6B51B /* uicontrolTests */ = {
			isa = PBXGroup;
			children = (
				D3CD768A196439EF00B6B51B /* uicontrolTests.m */,
				D3CD7685196439EF00B6B51B /* Supporting Files */,
			);
			path = uicontrolTests;
			sourceTree = "<group>";
		};
		D3CD7685196439EF00B6B51B /* Supporting Files */ = {
			isa = PBXGroup;
			children = (
				D3CD7686196439EF00B6B51B /* uicontrolTests-Info.plist */,
				D3CD7687196439EF00B6B51B /* InfoPlist.strings */,
			);
			name = "Supporting Files";
			sourceTree = "<group>";
		};
/* End PBXGroup section */

/* Begin PBXNativeTarget section */
		D3CD7661196439EE00B6B51B /* uicontrol */ = {
			isa = PBXNativeTarget;
			buildConfigurationList = D3CD768E196439EF00B6B51B /* Build configuration list for PBXNativeTarget "uicontrol" */;
			buildPhases = (
				D3CD765E196439EE00B6B51B /* Sources */,
				D3CD765F196439EE00B6B51B /* Frameworks */,
				D3CD7660196439EE00B6B51B /* Resources */,
			);
			buildRules = (
			);
			dependencies = (
			);
			name = uicontrol;
			productName = uicontrol;
			productReference = D3CD7662196439EE00B6B51B /* uicontrol.app */;
			productType = "com.apple.product-type.application";
		};
		D3CD767C196439EE00B6B51B /* uicontrolTests */ = {
			isa = PBXNativeTarget;
			buildConfigurationList = D3CD7691196439EF00B6B51B /* Build configuration list for PBXNativeTarget "uicontrolTests" */;
			buildPhases = (
				D3CD7679196439EE00B6B51B /* Sources */,
				D3CD767A196439EE00B6B51B /* Frameworks */,
				D3CD767B196439EE00B6B51B /* Resources */,
			);
			buildRules = (
			);
			dependencies = (
				D3CD7683196439EF00B6B51B /* PBXTargetDependency */,
			);
			name = uicontrolTests;
			productName = uicontrolTests;
			productReference = D3CD767D196439EE00B6B51B /* uicontrolTests.xctest */;
			productType = "com.apple.product-type.bundle.unit-test";
		};
/* End PBXNativeTarget section */

/* Begin PBXProject section */
		D3CD765A196439EE00B6B51B /* Project object */ = {
			isa = PBXProject;
			attributes = {
				CLASSPREFIX = zjh;
				LastUpgradeCheck = 0500;
				ORGANIZATIONNAME = danio;
				TargetAttributes = {
					D3CD767C196439EE00B6B51B = {
						TestTargetID = D3CD7661196439EE00B6B51B;
					};
				};
			};
			buildConfigurationList = D3CD765D196439EE00B6B51B /* Build configuration list for PBXProject "uicontrol" */;
			compatibilityVersion = "Xcode 3.2";
			developmentRegion = English;
			hasScannedForEncodings = 0;
			knownRegions = (
				en,
			);
			mainGroup = D3CD7659196439EE00B6B51B;
			productRefGroup = D3CD7663196439EE00B6B51B /* Products */;
			projectDirPath = "";
			projectRoot = "";
			targets = (
				D3CD7661196439EE00B6B51B /* uicontrol */,
				D3CD767C196439EE00B6B51B /* uicontrolTests */,
			);
		};
/* End PBXProject section */

/* Begin PBXResourcesBuildPhase section */
		D3CD7660196439EE00B6B51B /* Resources */ = {
			isa = PBXResourcesBuildPhase;
			buildActionMask = 2147483647;
			files = (
				D3CD7670196439EE00B6B51B /* InfoPlist.strings in Resources */,
				D3CD7678196439EE00B6B51B /* Images.xcassets in Resources */,
				D3CD76951964405500B6B51B /* Storyboard.storyboard in Resources */,
			);
			runOnlyForDeploymentPostprocessing = 0;
		};
		D3CD767B196439EE00B6B51B /* Resources */ = {
			isa = PBXResourcesBuildPhase;
			buildActionMask = 2147483647;
			files = (
				D3CD7689196439EF00B6B51B /* InfoPlist.strings in Resources */,
			);
			runOnlyForDeploymentPostprocessing = 0;
		};
/* End PBXResourcesBuildPhase section */

/* Begin PBXSourcesBuildPhase section */
		D3CD765E196439EE00B6B51B /* Sources */ = {
			isa = PBXSourcesBuildPhase;
			buildActionMask = 2147483647;
			files = (
				D3CD76DC1964497600B6B51B /* zjhViewController.m in Sources */,
				D3CD7672196439EE00B6B51B /* main.m in Sources */,
				D3CD7676196439EE00B6B51B /* zjhAppDelegate.m in Sources */,
			);
			runOnlyForDeploymentPostprocessing = 0;
		};
		D3CD7679196439EE00B6B51B /* Sources */ = {
			isa = PBXSourcesBuildPhase;
			buildActionMask = 2147483647;
			files = (
				D3CD768B196439EF00B6B51B /* uicontrolTests.m in Sources */,
			);
			runOnlyForDeploymentPostprocessing = 0;
		};
/* End PBXSourcesBuildPhase section */

/* Begin PBXTargetDependency section */
		D3CD7683196439EF00B6B51B /* PBXTargetDependency */ = {
			isa = PBXTargetDependency;
			target = D3CD7661196439EE00B6B51B /* uicontrol */;
			targetProxy = D3CD7682196439EF00B6B51B /* PBXContainerItemProxy */;
		};
/* End PBXTargetDependency section */

/* Begin PBXVariantGroup section */
		D3CD766E196439EE00B6B51B /* InfoPlist.strings */ = {
			isa = PBXVariantGroup;
			children = (
				D3CD766F196439EE00B6B51B /* en */,
			);
			name = InfoPlist.strings;
			sourceTree = "<group>";
		};
		D3CD7687196439EF00B6B51B /* InfoPlist.strings */ = {
			isa = PBXVariantGroup;
			children = (
				D3CD7688196439EF00B6B51B /* en */,
			);
			name = InfoPlist.strings;
			sourceTree = "<group>";
		};
/* End PBXVariantGroup section */

/* Begin XCBuildConfiguration section */
		D3CD768C196439EF00B6B51B /* Debug */ = {
			isa = XCBuildConfiguration;
			buildSettings = {
				ALWAYS_SEARCH_USER_PATHS = NO;
				ARCHS = "$(ARCHS_STANDARD_INCLUDING_64_BIT)";
				CLANG_CXX_LANGUAGE_STANDARD = "gnu++0x";
				CLANG_CXX_LIBRARY = "libc++";
				CLANG_ENABLE_MODULES = YES;
				CLANG_ENABLE_OBJC_ARC = YES;
				CLANG_WARN_BOOL_CONVERSION = YES;
				CLANG_WARN_CONSTANT_CONVERSION = YES;
				CLANG_WARN_DIRECT_OBJC_ISA_USAGE = YES_ERROR;
				CLANG_WARN_EMPTY_BODY = YES;
				CLANG_WARN_ENUM_CONVERSION = YES;
				CLANG_WARN_INT_CONVERSION = YES;
				CLANG_WARN_OBJC_ROOT_CLASS = YES_ERROR;
				CLANG_WARN__DUPLICATE_METHOD_MATCH = YES;
				"CODE_SIGN_IDENTITY[sdk=iphoneos*]" = "iPhone Developer";
				COPY_PHASE_STRIP = NO;
				GCC_C_LANGUAGE_STANDARD = gnu99;
				GCC_DYNAMIC_NO_PIC = NO;
				GCC_OPTIMIZATION_LEVEL = 0;
				GCC_PREPROCESSOR_DEFINITIONS = (
					"DEBUG=1",
					"$(inherited)",
				);
				GCC_SYMBOLS_PRIVATE_EXTERN = NO;
				GCC_WARN_64_TO_32_BIT_CONVERSION = YES;
				GCC_WARN_ABOUT_RETURN_TYPE = YES_ERROR;
				GCC_WARN_UNDECLARED_SELECTOR = YES;
				GCC_WARN_UNINITIALIZED_AUTOS = YES;
				GCC_WARN_UNUSED_FUNCTION = YES;
				GCC_WARN_UNUSED_VARIABLE = YES;
				IPHONEOS_DEPLOYMENT_TARGET = 7.0;
				ONLY_ACTIVE_ARCH = YES;
				SDKROOT = iphoneos;
			};
			name = Debug;
		};
		D3CD768D196439EF00B6B51B /* Release */ = {
			isa = XCBuildConfiguration;
			buildSettings = {
				ALWAYS_SEARCH_USER_PATHS = NO;
				ARCHS = "$(ARCHS_STANDARD_INCLUDING_64_BIT)";
				CLANG_CXX_LANGUAGE_STANDARD = "gnu++0x";
				CLANG_CXX_LIBRARY = "libc++";
				CLANG_ENABLE_MODULES = YES;
				CLANG_ENABLE_OBJC_ARC = YES;
				CLANG_WARN_BOOL_CONVERSION = YES;
				CLANG_WARN_CONSTANT_CONVERSION = YES;
				CLANG_WARN_DIRECT_OBJC_ISA_USAGE = YES_ERROR;
				CLANG_WARN_EMPTY_BODY = YES;
				CLANG_WARN_ENUM_CONVERSION = YES;
				CLANG_WARN_INT_CONVERSION = YES;
				CLANG_WARN_OBJC_ROOT_CLASS = YES_ERROR;
				CLANG_WARN__DUPLICATE_METHOD_MATCH = YES;
				"CODE_SIGN_IDENTITY[sdk=iphoneos*]" = "iPhone Developer";
				COPY_PHASE_STRIP = YES;
				ENABLE_NS_ASSERTIONS = NO;
				GCC_C_LANGUAGE_STANDARD = gnu99;
				GCC_WARN_64_TO_32_BIT_CONVERSION = YES;
				GCC_WARN_ABOUT_RETURN_TYPE = YES_ERROR;
				GCC_WARN_UNDECLARED_SELECTOR = YES;
				GCC_WARN_UNINITIALIZED_AUTOS = YES;
				GCC_WARN_UNUSED_FUNCTION = YES;
				GCC_WARN_UNUSED_VARIABLE = YES;
				IPHONEOS_DEPLOYMENT_TARGET = 7.0;
				SDKROOT = iphoneos;
				VALIDATE_PRODUCT = YES;
			};
			name = Release;
		};
		D3CD768F196439EF00B6B51B /* Debug */ = {
			isa = XCBuildConfiguration;
			buildSettings = {
				ASSETCATALOG_COMPILER_APPICON_NAME = AppIcon;
				ASSETCATALOG_COMPILER_LAUNCHIMAGE_NAME = LaunchImage;
				GCC_PRECOMPILE_PREFIX_HEADER = YES;
				GCC_PREFIX_HEADER = "uicontrol/uicontrol-Prefix.pch";
				INFOPLIST_FILE = "uicontrol/uicontrol-Info.plist";
				IPHONEOS_DEPLOYMENT_TARGET = 7.0;
				PRODUCT_NAME = "$(TARGET_NAME)";
				WRAPPER_EXTENSION = app;
			};
			name = Debug;
		};
		D3CD7690196439EF00B6B51B /* Release */ = {
			isa = XCBuildConfiguration;
			buildSettings = {
				ASSETCATALOG_COMPILER_APPICON_NAME = AppIcon;
				ASSETCATALOG_COMPILER_LAUNCHIMAGE_NAME = LaunchImage;
				GCC_PRECOMPILE_PREFIX_HEADER = YES;
				GCC_PREFIX_HEADER = "uicontrol/uicontrol-Prefix.pch";
				INFOPLIST_FILE = "uicontrol/uicontrol-Info.plist";
				IPHONEOS_DEPLOYMENT_TARGET = 7.0;
				PRODUCT_NAME = "$(TARGET_NAME)";
				WRAPPER_EXTENSION = app;
			};
			name = Release;
		};
		D3CD7692196439EF00B6B51B /* Debug */ = {
			isa = XCBuildConfiguration;
			buildSettings = {
				ARCHS = "$(ARCHS_STANDARD_INCLUDING_64_BIT)";
				BUNDLE_LOADER = "$(BUILT_PRODUCTS_DIR)/uicontrol.app/uicontrol";
				FRAMEWORK_SEARCH_PATHS = (
					"$(SDKROOT)/Developer/Library/Frameworks",
					"$(inherited)",
					"$(DEVELOPER_FRAMEWORKS_DIR)",
				);
				GCC_PRECOMPILE_PREFIX_HEADER = YES;
				GCC_PREFIX_HEADER = "uicontrol/uicontrol-Prefix.pch";
				GCC_PREPROCESSOR_DEFINITIONS = (
					"DEBUG=1",
					"$(inherited)",
				);
				INFOPLIST_FILE = "uicontrolTests/uicontrolTests-Info.plist";
				PRODUCT_NAME = "$(TARGET_NAME)";
				TEST_HOST = "$(BUNDLE_LOADER)";
				WRAPPER_EXTENSION = xctest;
			};
			name = Debug;
		};
		D3CD7693196439EF00B6B51B /* Release */ = {
			isa = XCBuildConfiguration;
			buildSettings = {
				ARCHS = "$(ARCHS_STANDARD_INCLUDING_64_BIT)";
				BUNDLE_LOADER = "$(BUILT_PRODUCTS_DIR)/uicontrol.app/uicontrol";
				FRAMEWORK_SEARCH_PATHS = (
					"$(SDKROOT)/Developer/Library/Frameworks",
					"$(inherited)",
					"$(DEVELOPER_FRAMEWORKS_DIR)",
				);
				GCC_PRECOMPILE_PREFIX_HEADER = YES;
				GCC_PREFIX_HEADER = "uicontrol/uicontrol-Prefix.pch";
				INFOPLIST_FILE = "uicontrolTests/uicontrolTests-Info.plist";
				PRODUCT_NAME = "$(TARGET_NAME)";
				TEST_HOST = "$(BUNDLE_LOADER)";
				WRAPPER_EXTENSION = xctest;
			};
			name = Release;
		};
/* End XCBuildConfiguration section */

/* Begin XCConfigurationList section */
		D3CD765D196439EE00B6B51B /* Build configuration list for PBXProject "uicontrol" */ = {
			isa = XCConfigurationList;
			buildConfigurations = (
				D3CD768C196439EF00B6B51B /* Debug */,
				D3CD768D196439EF00B6B51B /* Release */,
			);
			defaultConfigurationIsVisible = 0;
			defaultConfigurationName = Release;
		};
		D3CD768E196439EF00B6B51B /* Build configuration list for PBXNativeTarget "uicontrol" */ = {
			isa = XCConfigurationList;
			buildConfigurations = (
				D3CD768F196439EF00B6B51B /* Debug */,
				D3CD7690196439EF00B6B51B /* Release */,
			);
			defaultConfigurationIsVisible = 0;
			defaultConfigurationName = Release;
		};
		D3CD7691196439EF00B6B51B /* Build configuration list for PBXNativeTarget "uicontrolTests" */ = {
			isa = XCConfigurationList;
			buildConfigurations = (
				D3CD7692196439EF00B6B51B /* Debug */,
				D3CD7693196439EF00B6B51B /* Release */,
			);
			defaultConfigurationIsVisible = 0;
			defaultConfigurationName = Release;
		};
/* End XCConfigurationList section */
	};
	rootObject = D3CD765A196439EE00B6B51B /* Project object */;
}
